
Microsoft Visual Studio Solution File, Format Version 12.00
# Visual Studio Version 16
VisualStudioVersion = 16.0.30406.217
MinimumVisualStudioVersion = 10.0.40219.1
Project("{FAE04EC0-301F-11D3-BF4B-00C04F79EFBC}") = "SpecFlowProject1", "SpecFlowProject1\SpecFlowProject1.csproj", "{F5905992-788F-4B30-878D-528842859DDF}"
EndProject
Project("{FAE04EC0-301F-11D3-BF4B-00C04F79EFBC}") = "Example", "Example\Example.csproj", "{0D3AD573-3AAC-4B60-A1C7-1F645B3718E0}"
EndProject
Global
	GlobalSection(SolutionConfigurationPlatforms) = preSolution
		Debug|Any CPU = Debug|Any CPU
		Release|Any CPU = Release|Any CPU
	EndGlobalSection
	GlobalSection(ProjectConfigurationPlatforms) = postSolution
		{F5905992-788F-4B30-878D-528842859DDF}.Debug|Any CPU.ActiveCfg = Debug|Any CPU
		{F5905992-788F-4B30-878D-528842859DDF}.Debug|Any CPU.Build.0 = Debug|Any CPU
		{F5905992-788F-4B30-878D-528842859DDF}.Release|Any CPU.ActiveCfg = Release|Any CPU
		{F5905992-788F-4B30-878D-528842859DDF}.Release|Any CPU.Build.0 = Release|Any CPU
		{0D3AD573-3AAC-4B60-A1C7-1F645B3718E0}.Debug|Any CPU.ActiveCfg = Debug|Any CPU
		{0D3AD573-3AAC-4B60-A1C7-1F645B3718E0}.Debug|Any CPU.Build.0 = Debug|Any CPU
		{0D3AD573-3AAC-4B60-A1C7-1F645B3718E0}.Release|Any CPU.ActiveCfg = Release|Any CPU
		{0D3AD573-3AAC-4B60-A1C7-1F645B3718E0}.Release|Any CPU.Build.0 = Release|Any CPU
	EndGlobalSection
	GlobalSection(SolutionProperties) = preSolution
		HideSolutionNode = FALSE
	EndGlobalSection
	GlobalSection(ExtensibilityGlobals) = postSolution
		SolutionGuid = {FEF5AFFA-1F79-41BF-A60F-408DA383B428}
	EndGlobalSection
EndGlobal
